
Microsoft Visual Studio Solution File, Format Version 12.00
# Visual Studio 15
VisualStudioVersion = 15.0.28010.2036
MinimumVisualStudioVersion = 10.0.40219.1
Project("{8BC9CEB8-8B4A-11D0-8D11-00A0C91BC942}") = "ConsoleApplication4", "ConsoleApplication4\ConsoleApplication4.vcxproj", "{56BB4465-A911-4116-9716-655A1C9EE94A}"
EndProject
Global
	GlobalSection(SolutionConfigurationPlatforms) = preSolution
		Debug|x64 = Debug|x64
		Debug|x86 = Debug|x86
		Release|x64 = Release|x64
		Release|x86 = Release|x86
	EndGlobalSection
	GlobalSection(ProjectConfigurationPlatforms) = postSolution
		{56BB4465-A911-4116-9716-655A1C9EE94A}.Debug|x64.ActiveCfg = Debug|x64
		{56BB4465-A911-4116-9716-655A1C9EE94A}.Debug|x64.Build.0 = Debug|x64
		{56BB4465-A911-4116-9716-655A1C9EE94A}.Debug|x86.ActiveCfg = Debug|Win32
		{56BB4465-A911-4116-9716-655A1C9EE94A}.Debug|x86.Build.0 = Debug|Win32
		{56BB4465-A911-4116-9716-655A1C9EE94A}.Release|x64.ActiveCfg = Release|x64
		{56BB4465-A911-4116-9716-655A1C9EE94A}.Release|x64.Build.0 = Release|x64
		{56BB4465-A911-4116-9716-655A1C9EE94A}.Release|x86.ActiveCfg = Release|Win32
		{56BB4465-A911-4116-9716-655A1C9EE94A}.Release|x86.Build.0 = Release|Win32
	EndGlobalSection
	GlobalSection(SolutionProperties) = preSolution
		HideSolutionNode = FALSE
	EndGlobalSection
	GlobalSection(ExtensibilityGlobals) = postSolution
		SolutionGuid = {9A69198C-505F-4AB9-84B2-943705C1D269}
	EndGlobalSection
EndGlobal
